
Microsoft Visual Studio Solution File, Format Version 12.00
# Visual Studio Version 17
VisualStudioVersion = 17.12.35707.178 d17.12
MinimumVisualStudioVersion = 10.0.40219.1
Project("{FAE04EC0-301F-11D3-BF4B-00C04F79EFBC}") = "ProductCatalog", "ProductCatalog\ProductCatalog.csproj", "{88ED59C0-7509-47F3-8F08-EC89B39E79C1}"
EndProject
Project("{FAE04EC0-301F-11D3-BF4B-00C04F79EFBC}") = "ProductCatalog.BLL", "ProductCatalog.BLL\ProductCatalog.BLL.csproj", "{E37ED3B6-7E85-483A-8311-99A32CCE402E}"
EndProject
Project("{FAE04EC0-301F-11D3-BF4B-00C04F79EFBC}") = "ProductCatalog.DAL", "ProductCatalog.DAL\ProductCatalog.DAL.csproj", "{B549A25A-D66C-4748-A41C-E0519F958949}"
EndProject
Global
	GlobalSection(SolutionConfigurationPlatforms) = preSolution
		Debug|Any CPU = Debug|Any CPU
		Release|Any CPU = Release|Any CPU
	EndGlobalSection
	GlobalSection(ProjectConfigurationPlatforms) = postSolution
		{88ED59C0-7509-47F3-8F08-EC89B39E79C1}.Debug|Any CPU.ActiveCfg = Debug|Any CPU
		{88ED59C0-7509-47F3-8F08-EC89B39E79C1}.Debug|Any CPU.Build.0 = Debug|Any CPU
		{88ED59C0-7509-47F3-8F08-EC89B39E79C1}.Release|Any CPU.ActiveCfg = Release|Any CPU
		{88ED59C0-7509-47F3-8F08-EC89B39E79C1}.Release|Any CPU.Build.0 = Release|Any CPU
		{E37ED3B6-7E85-483A-8311-99A32CCE402E}.Debug|Any CPU.ActiveCfg = Debug|Any CPU
		{E37ED3B6-7E85-483A-8311-99A32CCE402E}.Debug|Any CPU.Build.0 = Debug|Any CPU
		{E37ED3B6-7E85-483A-8311-99A32CCE402E}.Release|Any CPU.ActiveCfg = Release|Any CPU
		{E37ED3B6-7E85-483A-8311-99A32CCE402E}.Release|Any CPU.Build.0 = Release|Any CPU
		{B549A25A-D66C-4748-A41C-E0519F958949}.Debug|Any CPU.ActiveCfg = Debug|Any CPU
		{B549A25A-D66C-4748-A41C-E0519F958949}.Debug|Any CPU.Build.0 = Debug|Any CPU
		{B549A25A-D66C-4748-A41C-E0519F958949}.Release|Any CPU.ActiveCfg = Release|Any CPU
		{B549A25A-D66C-4748-A41C-E0519F958949}.Release|Any CPU.Build.0 = Release|Any CPU
	EndGlobalSection
	GlobalSection(SolutionProperties) = preSolution
		HideSolutionNode = FALSE
	EndGlobalSection
EndGlobal
